{
  "requires": true,
  "lockfileVersion": 1,
  "dependencies": {
    "JSONPath": {
      "version": "0.11.2",
      "resolved": "https://registry.npmjs.org/JSONPath/-/JSONPath-0.11.2.tgz",
      "integrity": "sha1-P70gM6lXn3/1bBGCW11913ZBWD0="
    },
    "api-gateway-mapping-template": {
      "version": "0.0.8",
      "resolved": "https://registry.npmjs.org/api-gateway-mapping-template/-/api-gateway-mapping-template-0.0.8.tgz",
      "integrity": "sha512-LXKZBwkzZ5h6sCQho3eKjzY4r8R2SDzY87ewKYM6NmEa4par08aDXQNNcxlA6NJAe6G0HgdUdU6Z6PRX4SAC9w==",
      "requires": {
        "JSONPath": "^0.11.2",
        "clone": "^1.0.2",
        "velocityjs": "^0.7.4"
      }
    },
    "clone": {
      "version": "1.0.4",
      "resolved": "https://registry.npmjs.org/clone/-/clone-1.0.4.tgz",
      "integrity": "sha1-2jCcwmPfFZlMaIypAheco8fNfH4="
    },
    "velocityjs": {
      "version": "0.7.5",
      "resolved": "https://registry.npmjs.org/velocityjs/-/velocityjs-0.7.5.tgz",
      "integrity": "sha1-u+jwckqCpz2eR2LDKRYUNWJiGlU="
    }
  }
}
